
Microsoft Visual Studio Solution File, Format Version 12.00
# Visual Studio Version 16
VisualStudioVersion = 16.0.810.22
MinimumVisualStudioVersion = 10.0.40219.1
Project("{FAE04EC0-301F-11D3-BF4B-00C04F79EFBC}") = "App05_Super_Rusty", "App05_Super_Rusty\App05_Super_Rusty.csproj", "{A5A83077-A426-4C17-A8B2-D32DBC5C4BFF}"
EndProject
Global
	GlobalSection(SolutionConfigurationPlatforms) = preSolution
		Debug|Any CPU = Debug|Any CPU
		Release|Any CPU = Release|Any CPU
	EndGlobalSection
	GlobalSection(ProjectConfigurationPlatforms) = postSolution
		{A5A83077-A426-4C17-A8B2-D32DBC5C4BFF}.Debug|Any CPU.ActiveCfg = Debug|Any CPU
		{A5A83077-A426-4C17-A8B2-D32DBC5C4BFF}.Debug|Any CPU.Build.0 = Debug|Any CPU
		{A5A83077-A426-4C17-A8B2-D32DBC5C4BFF}.Release|Any CPU.ActiveCfg = Release|Any CPU
		{A5A83077-A426-4C17-A8B2-D32DBC5C4BFF}.Release|Any CPU.Build.0 = Release|Any CPU
	EndGlobalSection
	GlobalSection(SolutionProperties) = preSolution
		HideSolutionNode = FALSE
	EndGlobalSection
	GlobalSection(ExtensibilityGlobals) = postSolution
		SolutionGuid = {09E5E3FD-CE78-4201-9DA6-A21252D12513}
	EndGlobalSection
EndGlobal
